// !$*UTF8*$!
{
	archiveVersion = 1;
	classes = {
	};
	objectVersion = 50;
	objects = {

/* Begin PBXBuildFile section */
		4820BD1A23F1AF0E001DE5F3 /* AppDelegate.swift in Sources */ = {isa = PBXBuildFile; fileRef = 4820BD1923F1AF0E001DE5F3 /* AppDelegate.swift */; };
		4820BD1C23F1AF0E001DE5F3 /* SceneDelegate.swift in Sources */ = {isa = PBXBuildFile; fileRef = 4820BD1B23F1AF0E001DE5F3 /* SceneDelegate.swift */; };
		4820BD1E23F1AF0E001DE5F3 /* MainController.swift in Sources */ = {isa = PBXBuildFile; fileRef = 4820BD1D23F1AF0E001DE5F3 /* MainController.swift */; };
		4820BD2123F1AF0E001DE5F3 /* Main.storyboard in Resources */ = {isa = PBXBuildFile; fileRef = 4820BD1F23F1AF0E001DE5F3 /* Main.storyboard */; };
		4820BD2323F1AF14001DE5F3 /* Assets.xcassets in Resources */ = {isa = PBXBuildFile; fileRef = 4820BD2223F1AF14001DE5F3 /* Assets.xcassets */; };
		4820BD2623F1AF14001DE5F3 /* LaunchScreen.storyboard in Resources */ = {isa = PBXBuildFile; fileRef = 4820BD2423F1AF14001DE5F3 /* LaunchScreen.storyboard */; };
		4820BD3123F1AF15001DE5F3 /* Quiz_Bowl_ScorekeeperTests.swift in Sources */ = {isa = PBXBuildFile; fileRef = 4820BD3023F1AF15001DE5F3 /* Quiz_Bowl_ScorekeeperTests.swift */; };
		4820BD3C23F1AF15001DE5F3 /* Quiz_Bowl_ScorekeeperUITests.swift in Sources */ = {isa = PBXBuildFile; fileRef = 4820BD3B23F1AF15001DE5F3 /* Quiz_Bowl_ScorekeeperUITests.swift */; };
		4831921C2411652100D2CECF /* IndividualScoreboard.swift in Sources */ = {isa = PBXBuildFile; fileRef = 4831921B2411652100D2CECF /* IndividualScoreboard.swift */; };
		4876B0DE23FEF13800797DF6 /* AdvancedScoreboard.swift in Sources */ = {isa = PBXBuildFile; fileRef = 4876B0DD23FEF13800797DF6 /* AdvancedScoreboard.swift */; };
/* End PBXBuildFile section */

/* Begin PBXContainerItemProxy section */
		4820BD2D23F1AF15001DE5F3 /* PBXContainerItemProxy */ = {
			isa = PBXContainerItemProxy;
			containerPortal = 4820BD0E23F1AF0E001DE5F3 /* Project object */;
			proxyType = 1;
			remoteGlobalIDString = 4820BD1523F1AF0E001DE5F3;
			remoteInfo = "Quiz Bowl Scorekeeper";
		};
		4820BD3823F1AF15001DE5F3 /* PBXContainerItemProxy */ = {
			isa = PBXContainerItemProxy;
			containerPortal = 4820BD0E23F1AF0E001DE5F3 /* Project object */;
			proxyType = 1;
			remoteGlobalIDString = 4820BD1523F1AF0E001DE5F3;
			remoteInfo = "Quiz Bowl Scorekeeper";
		};
/* End PBXContainerItemProxy section */

/* Begin PBXFileReference section */
		4820BD1623F1AF0E001DE5F3 /* QB Scorekeeper.app */ = {isa = PBXFileReference; explicitFileType = wrapper.application; includeInIndex = 0; path = "QB Scorekeeper.app"; sourceTree = BUILT_PRODUCTS_DIR; };
		4820BD1923F1AF0E001DE5F3 /* AppDelegate.swift */ = {isa = PBXFileReference; lastKnownFileType = sourcecode.swift; path = AppDelegate.swift; sourceTree = "<group>"; };
		4820BD1B23F1AF0E001DE5F3 /* SceneDelegate.swift */ = {isa = PBXFileReference; lastKnownFileType = sourcecode.swift; path = SceneDelegate.swift; sourceTree = "<group>"; };
		4820BD1D23F1AF0E001DE5F3 /* MainController.swift */ = {isa = PBXFileReference; lastKnownFileType = sourcecode.swift; path = MainController.swift; sourceTree = "<group>"; };
		4820BD2023F1AF0E001DE5F3 /* Base */ = {isa = PBXFileReference; lastKnownFileType = file.storyboard; name = Base; path = Base.lproj/Main.storyboard; sourceTree = "<group>"; };
		4820BD2223F1AF14001DE5F3 /* Assets.xcassets */ = {isa = PBXFileReference; lastKnownFileType = folder.assetcatalog; path = Assets.xcassets; sourceTree = "<group>"; };
		4820BD2523F1AF14001DE5F3 /* Base */ = {isa = PBXFileReference; lastKnownFileType = file.storyboard; name = Base; path = Base.lproj/LaunchScreen.storyboard; sourceTree = "<group>"; };
		4820BD2723F1AF14001DE5F3 /* Info.plist */ = {isa = PBXFileReference; lastKnownFileType = text.plist.xml; path = Info.plist; sourceTree = "<group>"; };
		4820BD2C23F1AF14001DE5F3 /* Quiz Bowl ScorekeeperTests.xctest */ = {isa = PBXFileReference; explicitFileType = wrapper.cfbundle; includeInIndex = 0; path = "Quiz Bowl ScorekeeperTests.xctest"; sourceTree = BUILT_PRODUCTS_DIR; };
		4820BD3023F1AF15001DE5F3 /* Quiz_Bowl_ScorekeeperTests.swift */ = {isa = PBXFileReference; lastKnownFileType = sourcecode.swift; path = Quiz_Bowl_ScorekeeperTests.swift; sourceTree = "<group>"; };
		4820BD3223F1AF15001DE5F3 /* Info.plist */ = {isa = PBXFileReference; lastKnownFileType = text.plist.xml; path = Info.plist; sourceTree = "<group>"; };
		4820BD3723F1AF15001DE5F3 /* Quiz Bowl ScorekeeperUITests.xctest */ = {isa = PBXFileReference; explicitFileType = wrapper.cfbundle; includeInIndex = 0; path = "Quiz Bowl ScorekeeperUITests.xctest"; sourceTree = BUILT_PRODUCTS_DIR; };
		4820BD3B23F1AF15001DE5F3 /* Quiz_Bowl_ScorekeeperUITests.swift */ = {isa = PBXFileReference; lastKnownFileType = sourcecode.swift; path = Quiz_Bowl_ScorekeeperUITests.swift; sourceTree = "<group>"; };
		4820BD3D23F1AF15001DE5F3 /* Info.plist */ = {isa = PBXFileReference; lastKnownFileType = text.plist.xml; path = Info.plist; sourceTree = "<group>"; };
		4831921B2411652100D2CECF /* IndividualScoreboard.swift */ = {isa = PBXFileReference; lastKnownFileType = sourcecode.swift; path = IndividualScoreboard.swift; sourceTree = "<group>"; };
		4876B0DD23FEF13800797DF6 /* AdvancedScoreboard.swift */ = {isa = PBXFileReference; lastKnownFileType = sourcecode.swift; path = AdvancedScoreboard.swift; sourceTree = "<group>"; };
/* End PBXFileReference section */

/* Begin PBXFrameworksBuildPhase section */
		4820BD1323F1AF0E001DE5F3 /* Frameworks */ = {
			isa = PBXFrameworksBuildPhase;
			buildActionMask = 2147483647;
			files = (
			);
			runOnlyForDeploymentPostprocessing = 0;
		};
		4820BD2923F1AF14001DE5F3 /* Frameworks */ = {
			isa = PBXFrameworksBuildPhase;
			buildActionMask = 2147483647;
			files = (
			);
			runOnlyForDeploymentPostprocessing = 0;
		};
		4820BD3423F1AF15001DE5F3 /* Frameworks */ = {
			isa = PBXFrameworksBuildPhase;
			buildActionMask = 2147483647;
			files = (
			);
			runOnlyForDeploymentPostprocessing = 0;
		};
/* End PBXFrameworksBuildPhase section */

/* Begin PBXGroup section */
		4820BD0D23F1AF0E001DE5F3 = {
			isa = PBXGroup;
			children = (
				4820BD1823F1AF0E001DE5F3 /* Quiz Bowl Scorekeeper */,
				4820BD2F23F1AF15001DE5F3 /* Quiz Bowl ScorekeeperTests */,
				4820BD3A23F1AF15001DE5F3 /* Quiz Bowl ScorekeeperUITests */,
				4820BD1723F1AF0E001DE5F3 /* Products */,
			);
			sourceTree = "<group>";
		};
		4820BD1723F1AF0E001DE5F3 /* Products */ = {
			isa = PBXGroup;
			children = (
				4820BD1623F1AF0E001DE5F3 /* QB Scorekeeper.app */,
				4820BD2C23F1AF14001DE5F3 /* Quiz Bowl ScorekeeperTests.xctest */,
				4820BD3723F1AF15001DE5F3 /* Quiz Bowl ScorekeeperUITests.xctest */,
			);
			name = Products;
			sourceTree = "<group>";
		};
		4820BD1823F1AF0E001DE5F3 /* Quiz Bowl Scorekeeper */ = {
			isa = PBXGroup;
			children = (
				4820BD1923F1AF0E001DE5F3 /* AppDelegate.swift */,
				4820BD1B23F1AF0E001DE5F3 /* SceneDelegate.swift */,
				4820BD1D23F1AF0E001DE5F3 /* MainController.swift */,
				4831921B2411652100D2CECF /* IndividualScoreboard.swift */,
				4820BD1F23F1AF0E001DE5F3 /* Main.storyboard */,
				4820BD2223F1AF14001DE5F3 /* Assets.xcassets */,
				4820BD2423F1AF14001DE5F3 /* LaunchScreen.storyboard */,
				4820BD2723F1AF14001DE5F3 /* Info.plist */,
				4876B0DD23FEF13800797DF6 /* AdvancedScoreboard.swift */,
			);
			path = "Quiz Bowl Scorekeeper";
			sourceTree = "<group>";
		};
		4820BD2F23F1AF15001DE5F3 /* Quiz Bowl ScorekeeperTests */ = {
			isa = PBXGroup;
			children = (
				4820BD3023F1AF15001DE5F3 /* Quiz_Bowl_ScorekeeperTests.swift */,
				4820BD3223F1AF15001DE5F3 /* Info.plist */,
			);
			path = "Quiz Bowl ScorekeeperTests";
			sourceTree = "<group>";
		};
		4820BD3A23F1AF15001DE5F3 /* Quiz Bowl ScorekeeperUITests */ = {
			isa = PBXGroup;
			children = (
				4820BD3B23F1AF15001DE5F3 /* Quiz_Bowl_ScorekeeperUITests.swift */,
				4820BD3D23F1AF15001DE5F3 /* Info.plist */,
			);
			path = "Quiz Bowl ScorekeeperUITests";
			sourceTree = "<group>";
		};
/* End PBXGroup section */

/* Begin PBXNativeTarget section */
		4820BD1523F1AF0E001DE5F3 /* Quiz Bowl Scorekeeper */ = {
			isa = PBXNativeTarget;
			buildConfigurationList = 4820BD4023F1AF15001DE5F3 /* Build configuration list for PBXNativeTarget "Quiz Bowl Scorekeeper" */;
			buildPhases = (
				4820BD1223F1AF0E001DE5F3 /* Sources */,
				4820BD1323F1AF0E001DE5F3 /* Frameworks */,
				4820BD1423F1AF0E001DE5F3 /* Resources */,
			);
			buildRules = (
			);
			dependencies = (
			);
			name = "Quiz Bowl Scorekeeper";
			productName = "Quiz Bowl Scorekeeper";
			productReference = 4820BD1623F1AF0E001DE5F3 /* QB Scorekeeper.app */;
			productType = "com.apple.product-type.application";
		};
		4820BD2B23F1AF14001DE5F3 /* Quiz Bowl ScorekeeperTests */ = {
			isa = PBXNativeTarget;
			buildConfigurationList = 4820BD4323F1AF15001DE5F3 /* Build configuration list for PBXNativeTarget "Quiz Bowl ScorekeeperTests" */;
			buildPhases = (
				4820BD2823F1AF14001DE5F3 /* Sources */,
				4820BD2923F1AF14001DE5F3 /* Frameworks */,
				4820BD2A23F1AF14001DE5F3 /* Resources */,
			);
			buildRules = (
			);
			dependencies = (
				4820BD2E23F1AF15001DE5F3 /* PBXTargetDependency */,
			);
			name = "Quiz Bowl ScorekeeperTests";
			productName = "Quiz Bowl ScorekeeperTests";
			productReference = 4820BD2C23F1AF14001DE5F3 /* Quiz Bowl ScorekeeperTests.xctest */;
			productType = "com.apple.product-type.bundle.unit-test";
		};
		4820BD3623F1AF15001DE5F3 /* Quiz Bowl ScorekeeperUITests */ = {
			isa = PBXNativeTarget;
			buildConfigurationList = 4820BD4623F1AF15001DE5F3 /* Build configuration list for PBXNativeTarget "Quiz Bowl ScorekeeperUITests" */;
			buildPhases = (
				4820BD3323F1AF15001DE5F3 /* Sources */,
				4820BD3423F1AF15001DE5F3 /* Frameworks */,
				4820BD3523F1AF15001DE5F3 /* Resources */,
			);
			buildRules = (
			);
			dependencies = (
				4820BD3923F1AF15001DE5F3 /* PBXTargetDependency */,
			);
			name = "Quiz Bowl ScorekeeperUITests";
			productName = "Quiz Bowl ScorekeeperUITests";
			productReference = 4820BD3723F1AF15001DE5F3 /* Quiz Bowl ScorekeeperUITests.xctest */;
			productType = "com.apple.product-type.bundle.ui-testing";
		};
/* End PBXNativeTarget section */

/* Begin PBXProject section */
		4820BD0E23F1AF0E001DE5F3 /* Project object */ = {
			isa = PBXProject;
			attributes = {
				LastSwiftUpdateCheck = 1130;
				LastUpgradeCheck = 1130;
				ORGANIZATIONNAME = "Inventorics Inc.";
				TargetAttributes = {
					4820BD1523F1AF0E001DE5F3 = {
						CreatedOnToolsVersion = 11.3.1;
					};
					4820BD2B23F1AF14001DE5F3 = {
						CreatedOnToolsVersion = 11.3.1;
						TestTargetID = 4820BD1523F1AF0E001DE5F3;
					};
					4820BD3623F1AF15001DE5F3 = {
						CreatedOnToolsVersion = 11.3.1;
						TestTargetID = 4820BD1523F1AF0E001DE5F3;
					};
				};
			};
			buildConfigurationList = 4820BD1123F1AF0E001DE5F3 /* Build configuration list for PBXProject "Quiz Bowl Scorekeeper" */;
			compatibilityVersion = "Xcode 9.3";
			developmentRegion = en;
			hasScannedForEncodings = 0;
			knownRegions = (
				en,
				Base,
			);
			mainGroup = 4820BD0D23F1AF0E001DE5F3;
			productRefGroup = 4820BD1723F1AF0E001DE5F3 /* Products */;
			projectDirPath = "";
			projectRoot = "";
			targets = (
				4820BD1523F1AF0E001DE5F3 /* Quiz Bowl Scorekeeper */,
				4820BD2B23F1AF14001DE5F3 /* Quiz Bowl ScorekeeperTests */,
				4820BD3623F1AF15001DE5F3 /* Quiz Bowl ScorekeeperUITests */,
			);
		};
/* End PBXProject section */

/* Begin PBXResourcesBuildPhase section */
		4820BD1423F1AF0E001DE5F3 /* Resources */ = {
			isa = PBXResourcesBuildPhase;
			buildActionMask = 2147483647;
			files = (
				4820BD2623F1AF14001DE5F3 /* LaunchScreen.storyboard in Resources */,
				4820BD2323F1AF14001DE5F3 /* Assets.xcassets in Resources */,
				4820BD2123F1AF0E001DE5F3 /* Main.storyboard in Resources */,
			);
			runOnlyForDeploymentPostprocessing = 0;
		};
		4820BD2A23F1AF14001DE5F3 /* Resources */ = {
			isa = PBXResourcesBuildPhase;
			buildActionMask = 2147483647;
			files = (
			);
			runOnlyForDeploymentPostprocessing = 0;
		};
		4820BD3523F1AF15001DE5F3 /* Resources */ = {
			isa = PBXResourcesBuildPhase;
			buildActionMask = 2147483647;
			files = (
			);
			runOnlyForDeploymentPostprocessing = 0;
		};
/* End PBXResourcesBuildPhase section */

/* Begin PBXSourcesBuildPhase section */
		4820BD1223F1AF0E001DE5F3 /* Sources */ = {
			isa = PBXSourcesBuildPhase;
			buildActionMask = 2147483647;
			files = (
				4831921C2411652100D2CECF /* IndividualScoreboard.swift in Sources */,
				4820BD1E23F1AF0E001DE5F3 /* MainController.swift in Sources */,
				4876B0DE23FEF13800797DF6 /* AdvancedScoreboard.swift in Sources */,
				4820BD1A23F1AF0E001DE5F3 /* AppDelegate.swift in Sources */,
				4820BD1C23F1AF0E001DE5F3 /* SceneDelegate.swift in Sources */,
			);
			runOnlyForDeploymentPostprocessing = 0;
		};
		4820BD2823F1AF14001DE5F3 /* Sources */ = {
			isa = PBXSourcesBuildPhase;
			buildActionMask = 2147483647;
			files = (
				4820BD3123F1AF15001DE5F3 /* Quiz_Bowl_ScorekeeperTests.swift in Sources */,
			);
			runOnlyForDeploymentPostprocessing = 0;
		};
		4820BD3323F1AF15001DE5F3 /* Sources */ = {
			isa = PBXSourcesBuildPhase;
			buildActionMask = 2147483647;
			files = (
				4820BD3C23F1AF15001DE5F3 /* Quiz_Bowl_ScorekeeperUITests.swift in Sources */,
			);
			runOnlyForDeploymentPostprocessing = 0;
		};
/* End PBXSourcesBuildPhase section */

/* Begin PBXTargetDependency section */
		4820BD2E23F1AF15001DE5F3 /* PBXTargetDependency */ = {
			isa = PBXTargetDependency;
			target = 4820BD1523F1AF0E001DE5F3 /* Quiz Bowl Scorekeeper */;
			targetProxy = 4820BD2D23F1AF15001DE5F3 /* PBXContainerItemProxy */;
		};
		4820BD3923F1AF15001DE5F3 /* PBXTargetDependency */ = {
			isa = PBXTargetDependency;
			target = 4820BD1523F1AF0E001DE5F3 /* Quiz Bowl Scorekeeper */;
			targetProxy = 4820BD3823F1AF15001DE5F3 /* PBXContainerItemProxy */;
		};
/* End PBXTargetDependency section */

/* Begin PBXVariantGroup section */
		4820BD1F23F1AF0E001DE5F3 /* Main.storyboard */ = {
			isa = PBXVariantGroup;
			children = (
				4820BD2023F1AF0E001DE5F3 /* Base */,
			);
			name = Main.storyboard;
			sourceTree = "<group>";
		};
		4820BD2423F1AF14001DE5F3 /* LaunchScreen.storyboard */ = {
			isa = PBXVariantGroup;
			children = (
				4820BD2523F1AF14001DE5F3 /* Base */,
			);
			name = LaunchScreen.storyboard;
			sourceTree = "<group>";
		};
/* End PBXVariantGroup section */

/* Begin XCBuildConfiguration section */
		4820BD3E23F1AF15001DE5F3 /* Debug */ = {
			isa = XCBuildConfiguration;
			buildSettings = {
				ALWAYS_SEARCH_USER_PATHS = NO;
				CLANG_ANALYZER_NONNULL = YES;
				CLANG_ANALYZER_NUMBER_OBJECT_CONVERSION = YES_AGGRESSIVE;
				CLANG_CXX_LANGUAGE_STANDARD = "gnu++14";
				CLANG_CXX_LIBRARY = "libc++";
				CLANG_ENABLE_MODULES = YES;
				CLANG_ENABLE_OBJC_ARC = YES;
				CLANG_ENABLE_OBJC_WEAK = YES;
				CLANG_WARN_BLOCK_CAPTURE_AUTORELEASING = YES;
				CLANG_WARN_BOOL_CONVERSION = YES;
				CLANG_WARN_COMMA = YES;
				CLANG_WARN_CONSTANT_CONVERSION = YES;
				CLANG_WARN_DEPRECATED_OBJC_IMPLEMENTATIONS = YES;
				CLANG_WARN_DIRECT_OBJC_ISA_USAGE = YES_ERROR;
				CLANG_WARN_DOCUMENTATION_COMMENTS = YES;
				CLANG_WARN_EMPTY_BODY = YES;
				CLANG_WARN_ENUM_CONVERSION = YES;
				CLANG_WARN_INFINITE_RECURSION = YES;
				CLANG_WARN_INT_CONVERSION = YES;
				CLANG_WARN_NON_LITERAL_NULL_CONVERSION = YES;
				CLANG_WARN_OBJC_IMPLICIT_RETAIN_SELF = YES;
				CLANG_WARN_OBJC_LITERAL_CONVERSION = YES;
				CLANG_WARN_OBJC_ROOT_CLASS = YES_ERROR;
				CLANG_WARN_RANGE_LOOP_ANALYSIS = YES;
				CLANG_WARN_STRICT_PROTOTYPES = YES;
				CLANG_WARN_SUSPICIOUS_MOVE = YES;
				CLANG_WARN_UNGUARDED_AVAILABILITY = YES_AGGRESSIVE;
				CLANG_WARN_UNREACHABLE_CODE = YES;
				CLANG_WARN__DUPLICATE_METHOD_MATCH = YES;
				COPY_PHASE_STRIP = NO;
				DEBUG_INFORMATION_FORMAT = dwarf;
				ENABLE_STRICT_OBJC_MSGSEND = YES;
				ENABLE_TESTABILITY = YES;
				GCC_C_LANGUAGE_STANDARD = gnu11;
				GCC_DYNAMIC_NO_PIC = NO;
				GCC_NO_COMMON_BLOCKS = YES;
				GCC_OPTIMIZATION_LEVEL = 0;
				GCC_PREPROCESSOR_DEFINITIONS = (
					"DEBUG=1",
					"$(inherited)",
				);
				GCC_WARN_64_TO_32_BIT_CONVERSION = YES;
				GCC_WARN_ABOUT_RETURN_TYPE = YES_ERROR;
				GCC_WARN_UNDECLARED_SELECTOR = YES;
				GCC_WARN_UNINITIALIZED_AUTOS = YES_AGGRESSIVE;
				GCC_WARN_UNUSED_FUNCTION = YES;
				GCC_WARN_UNUSED_VARIABLE = YES;
				IPHONEOS_DEPLOYMENT_TARGET = 13.2;
				MTL_ENABLE_DEBUG_INFO = INCLUDE_SOURCE;
				MTL_FAST_MATH = YES;
				ONLY_ACTIVE_ARCH = YES;
				SDKROOT = iphoneos;
				SWIFT_ACTIVE_COMPILATION_CONDITIONS = DEBUG;
				SWIFT_OPTIMIZATION_LEVEL = "-Onone";
			};
			name = Debug;
		};
		4820BD3F23F1AF15001DE5F3 /* Release */ = {
			isa = XCBuildConfiguration;
			buildSettings = {
				ALWAYS_SEARCH_USER_PATHS = NO;
				CLANG_ANALYZER_NONNULL = YES;
				CLANG_ANALYZER_NUMBER_OBJECT_CONVERSION = YES_AGGRESSIVE;
				CLANG_CXX_LANGUAGE_STANDARD = "gnu++14";
				CLANG_CXX_LIBRARY = "libc++";
				CLANG_ENABLE_MODULES = YES;
				CLANG_ENABLE_OBJC_ARC = YES;
				CLANG_ENABLE_OBJC_WEAK = YES;
				CLANG_WARN_BLOCK_CAPTURE_AUTORELEASING = YES;
				CLANG_WARN_BOOL_CONVERSION = YES;
				CLANG_WARN_COMMA = YES;
				CLANG_WARN_CONSTANT_CONVERSION = YES;
				CLANG_WARN_DEPRECATED_OBJC_IMPLEMENTATIONS = YES;
				CLANG_WARN_DIRECT_OBJC_ISA_USAGE = YES_ERROR;
				CLANG_WARN_DOCUMENTATION_COMMENTS = YES;
				CLANG_WARN_EMPTY_BODY = YES;
				CLANG_WARN_ENUM_CONVERSION = YES;
				CLANG_WARN_INFINITE_RECURSION = YES;
				CLANG_WARN_INT_CONVERSION = YES;
				CLANG_WARN_NON_LITERAL_NULL_CONVERSION = YES;
				CLANG_WARN_OBJC_IMPLICIT_RETAIN_SELF = YES;
				CLANG_WARN_OBJC_LITERAL_CONVERSION = YES;
				CLANG_WARN_OBJC_ROOT_CLASS = YES_ERROR;
				CLANG_WARN_RANGE_LOOP_ANALYSIS = YES;
				CLANG_WARN_STRICT_PROTOTYPES = YES;
				CLANG_WARN_SUSPICIOUS_MOVE = YES;
				CLANG_WARN_UNGUARDED_AVAILABILITY = YES_AGGRESSIVE;
				CLANG_WARN_UNREACHABLE_CODE = YES;
				CLANG_WARN__DUPLICATE_METHOD_MATCH = YES;
				COPY_PHASE_STRIP = NO;
				DEBUG_INFORMATION_FORMAT = "dwarf-with-dsym";
				ENABLE_NS_ASSERTIONS = NO;
				ENABLE_STRICT_OBJC_MSGSEND = YES;
				GCC_C_LANGUAGE_STANDARD = gnu11;
				GCC_NO_COMMON_BLOCKS = YES;
				GCC_WARN_64_TO_32_BIT_CONVERSION = YES;
				GCC_WARN_ABOUT_RETURN_TYPE = YES_ERROR;
				GCC_WARN_UNDECLARED_SELECTOR = YES;
				GCC_WARN_UNINITIALIZED_AUTOS = YES_AGGRESSIVE;
				GCC_WARN_UNUSED_FUNCTION = YES;
				GCC_WARN_UNUSED_VARIABLE = YES;
				IPHONEOS_DEPLOYMENT_TARGET = 13.2;
				MTL_ENABLE_DEBUG_INFO = NO;
				MTL_FAST_MATH = YES;
				SDKROOT = iphoneos;
				SWIFT_COMPILATION_MODE = wholemodule;
				SWIFT_OPTIMIZATION_LEVEL = "-O";
				VALIDATE_PRODUCT = YES;
			};
			name = Release;
		};
		4820BD4123F1AF15001DE5F3 /* Debug */ = {
			isa = XCBuildConfiguration;
			buildSettings = {
				ASSETCATALOG_COMPILER_APPICON_NAME = AppIcon;
				CODE_SIGN_STYLE = Automatic;
				DEVELOPMENT_TEAM = 883DK65VTV;
				INFOPLIST_FILE = "Quiz Bowl Scorekeeper/Info.plist";
				LD_RUNPATH_SEARCH_PATHS = (
					"$(inherited)",
					"@executable_path/Frameworks",
				);
				PRODUCT_BUNDLE_IDENTIFIER = edu.ephs2020.qbscorekeeper;
				PRODUCT_NAME = "QB Scorekeeper";
				SWIFT_VERSION = 5.0;
				TARGETED_DEVICE_FAMILY = "1,2";
			};
			name = Debug;
		};
		4820BD4223F1AF15001DE5F3 /* Release */ = {
			isa = XCBuildConfiguration;
			buildSettings = {
				ASSETCATALOG_COMPILER_APPICON_NAME = AppIcon;
				CODE_SIGN_STYLE = Automatic;
				DEVELOPMENT_TEAM = 883DK65VTV;
				INFOPLIST_FILE = "Quiz Bowl Scorekeeper/Info.plist";
				LD_RUNPATH_SEARCH_PATHS = (
					"$(inherited)",
					"@executable_path/Frameworks",
				);
				PRODUCT_BUNDLE_IDENTIFIER = edu.ephs2020.qbscorekeeper;
				PRODUCT_NAME = "QB Scorekeeper";
				SWIFT_VERSION = 5.0;
				TARGETED_DEVICE_FAMILY = "1,2";
			};
			name = Release;
		};
		4820BD4423F1AF15001DE5F3 /* Debug */ = {
			isa = XCBuildConfiguration;
			buildSettings = {
				ALWAYS_EMBED_SWIFT_STANDARD_LIBRARIES = YES;
				BUNDLE_LOADER = "$(TEST_HOST)";
				CODE_SIGN_STYLE = Automatic;
				INFOPLIST_FILE = "Quiz Bowl ScorekeeperTests/Info.plist";
				IPHONEOS_DEPLOYMENT_TARGET = 13.2;
				LD_RUNPATH_SEARCH_PATHS = (
					"$(inherited)",
					"@executable_path/Frameworks",
					"@loader_path/Frameworks",
				);
				PRODUCT_BUNDLE_IDENTIFIER = "Inventorics-Inc..Quiz-Bowl-ScorekeeperTests";
				PRODUCT_NAME = "$(TARGET_NAME)";
				SWIFT_VERSION = 5.0;
				TARGETED_DEVICE_FAMILY = "1,2";
				TEST_HOST = "$(BUILT_PRODUCTS_DIR)/Quiz Bowl Scorekeeper.app/Quiz Bowl Scorekeeper";
			};
			name = Debug;
		};
		4820BD4523F1AF15001DE5F3 /* Release */ = {
			isa = XCBuildConfiguration;
			buildSettings = {
				ALWAYS_EMBED_SWIFT_STANDARD_LIBRARIES = YES;
				BUNDLE_LOADER = "$(TEST_HOST)";
				CODE_SIGN_STYLE = Automatic;
				INFOPLIST_FILE = "Quiz Bowl ScorekeeperTests/Info.plist";
				IPHONEOS_DEPLOYMENT_TARGET = 13.2;
				LD_RUNPATH_SEARCH_PATHS = (
					"$(inherited)",
					"@executable_path/Frameworks",
					"@loader_path/Frameworks",
				);
				PRODUCT_BUNDLE_IDENTIFIER = "Inventorics-Inc..Quiz-Bowl-ScorekeeperTests";
				PRODUCT_NAME = "$(TARGET_NAME)";
				SWIFT_VERSION = 5.0;
				TARGETED_DEVICE_FAMILY = "1,2";
				TEST_HOST = "$(BUILT_PRODUCTS_DIR)/Quiz Bowl Scorekeeper.app/Quiz Bowl Scorekeeper";
			};
			name = Release;
		};
		4820BD4723F1AF15001DE5F3 /* Debug */ = {
			isa = XCBuildConfiguration;
			buildSettings = {
				ALWAYS_EMBED_SWIFT_STANDARD_LIBRARIES = YES;
				CODE_SIGN_STYLE = Automatic;
				INFOPLIST_FILE = "Quiz Bowl ScorekeeperUITests/Info.plist";
				LD_RUNPATH_SEARCH_PATHS = (
					"$(inherited)",
					"@executable_path/Frameworks",
					"@loader_path/Frameworks",
				);
				PRODUCT_BUNDLE_IDENTIFIER = "Inventorics-Inc..Quiz-Bowl-ScorekeeperUITests";
				PRODUCT_NAME = "$(TARGET_NAME)";
				SWIFT_VERSION = 5.0;
				TARGETED_DEVICE_FAMILY = "1,2";
				TEST_TARGET_NAME = "Quiz Bowl Scorekeeper";
			};
			name = Debug;
		};
		4820BD4823F1AF15001DE5F3 /* Release */ = {
			isa = XCBuildConfiguration;
			buildSettings = {
				ALWAYS_EMBED_SWIFT_STANDARD_LIBRARIES = YES;
				CODE_SIGN_STYLE = Automatic;
				INFOPLIST_FILE = "Quiz Bowl ScorekeeperUITests/Info.plist";
				LD_RUNPATH_SEARCH_PATHS = (
					"$(inherited)",
					"@executable_path/Frameworks",
					"@loader_path/Frameworks",
				);
				PRODUCT_BUNDLE_IDENTIFIER = "Inventorics-Inc..Quiz-Bowl-ScorekeeperUITests";
				PRODUCT_NAME = "$(TARGET_NAME)";
				SWIFT_VERSION = 5.0;
				TARGETED_DEVICE_FAMILY = "1,2";
				TEST_TARGET_NAME = "Quiz Bowl Scorekeeper";
			};
			name = Release;
		};
/* End XCBuildConfiguration section */

/* Begin XCConfigurationList section */
		4820BD1123F1AF0E001DE5F3 /* Build configuration list for PBXProject "Quiz Bowl Scorekeeper" */ = {
			isa = XCConfigurationList;
			buildConfigurations = (
				4820BD3E23F1AF15001DE5F3 /* Debug */,
				4820BD3F23F1AF15001DE5F3 /* Release */,
			);
			defaultConfigurationIsVisible = 0;
			defaultConfigurationName = Release;
		};
		4820BD4023F1AF15001DE5F3 /* Build configuration list for PBXNativeTarget "Quiz Bowl Scorekeeper" */ = {
			isa = XCConfigurationList;
			buildConfigurations = (
				4820BD4123F1AF15001DE5F3 /* Debug */,
				4820BD4223F1AF15001DE5F3 /* Release */,
			);
			defaultConfigurationIsVisible = 0;
			defaultConfigurationName = Release;
		};
		4820BD4323F1AF15001DE5F3 /* Build configuration list for PBXNativeTarget "Quiz Bowl ScorekeeperTests" */ = {
			isa = XCConfigurationList;
			buildConfigurations = (
				4820BD4423F1AF15001DE5F3 /* Debug */,
				4820BD4523F1AF15001DE5F3 /* Release */,
			);
			defaultConfigurationIsVisible = 0;
			defaultConfigurationName = Release;
		};
		4820BD4623F1AF15001DE5F3 /* Build configuration list for PBXNativeTarget "Quiz Bowl ScorekeeperUITests" */ = {
			isa = XCConfigurationList;
			buildConfigurations = (
				4820BD4723F1AF15001DE5F3 /* Debug */,
				4820BD4823F1AF15001DE5F3 /* Release */,
			);
			defaultConfigurationIsVisible = 0;
			defaultConfigurationName = Release;
		};
/* End XCConfigurationList section */
	};
	rootObject = 4820BD0E23F1AF0E001DE5F3 /* Project object */;
}
